
Microsoft Visual Studio Solution File, Format Version 12.00
# Visual Studio Version 17
VisualStudioVersion = 17.5.33424.131
MinimumVisualStudioVersion = 10.0.40219.1
Project("{FAE04EC0-301F-11D3-BF4B-00C04F79EFBC}") = "DoAnGame", "DoAnGame.csproj", "{B7D71C88-E7F2-4394-B4CA-A0D6C57992B6}"
EndProject
Global
	GlobalSection(SolutionConfigurationPlatforms) = preSolution
		Debug|Any CPU = Debug|Any CPU
		Release|Any CPU = Release|Any CPU
	EndGlobalSection
	GlobalSection(ProjectConfigurationPlatforms) = postSolution
		{B7D71C88-E7F2-4394-B4CA-A0D6C57992B6}.Debug|Any CPU.ActiveCfg = Debug|Any CPU
		{B7D71C88-E7F2-4394-B4CA-A0D6C57992B6}.Debug|Any CPU.Build.0 = Debug|Any CPU
		{B7D71C88-E7F2-4394-B4CA-A0D6C57992B6}.Release|Any CPU.ActiveCfg = Release|Any CPU
		{B7D71C88-E7F2-4394-B4CA-A0D6C57992B6}.Release|Any CPU.Build.0 = Release|Any CPU
	EndGlobalSection
	GlobalSection(SolutionProperties) = preSolution
		HideSolutionNode = FALSE
	EndGlobalSection
	GlobalSection(ExtensibilityGlobals) = postSolution
		SolutionGuid = {41A5A5BE-A54C-407C-9A91-E8D9ABF3F98A}
	EndGlobalSection
EndGlobal
